
Microsoft Visual Studio Solution File, Format Version 12.00
# Visual Studio 15
VisualStudioVersion = 15.0.27703.2035
MinimumVisualStudioVersion = 10.0.40219.1
Project("{FAE04EC0-301F-11D3-BF4B-00C04F79EFBC}") = "ASPNETCOREMVC", "ASPNETCOREMVC\ASPNETCOREMVC.csproj", "{AAB35C22-186E-497E-8E9D-036E9C3F97FA}"
EndProject
Global
	GlobalSection(SolutionConfigurationPlatforms) = preSolution
		Debug|Any CPU = Debug|Any CPU
		Release|Any CPU = Release|Any CPU
	EndGlobalSection
	GlobalSection(ProjectConfigurationPlatforms) = postSolution
		{AAB35C22-186E-497E-8E9D-036E9C3F97FA}.Debug|Any CPU.ActiveCfg = Debug|Any CPU
		{AAB35C22-186E-497E-8E9D-036E9C3F97FA}.Debug|Any CPU.Build.0 = Debug|Any CPU
		{AAB35C22-186E-497E-8E9D-036E9C3F97FA}.Release|Any CPU.ActiveCfg = Release|Any CPU
		{AAB35C22-186E-497E-8E9D-036E9C3F97FA}.Release|Any CPU.Build.0 = Release|Any CPU
	EndGlobalSection
	GlobalSection(SolutionProperties) = preSolution
		HideSolutionNode = FALSE
	EndGlobalSection
	GlobalSection(ExtensibilityGlobals) = postSolution
		SolutionGuid = {1C3CA9D7-9265-4EAB-AA42-4D2885F01907}
	EndGlobalSection
EndGlobal
